
Microsoft Visual Studio Solution File, Format Version 12.00
# Visual Studio 15
VisualStudioVersion = 15.0.27004.2005
MinimumVisualStudioVersion = 10.0.40219.1
Project("{2150E333-8FDC-42A3-9474-1A3956D46DE8}") = "01-src", "01-src", "{D7639AF9-F843-4981-BD2E-C12B93A8E299}"
EndProject
Project("{2150E333-8FDC-42A3-9474-1A3956D46DE8}") = "01-Core", "01-Core", "{842E69D5-71BF-4D00-B0E1-BD5A2DE1197D}"
EndProject
Project("{2150E333-8FDC-42A3-9474-1A3956D46DE8}") = "02-Ui", "02-Ui", "{383EE1F0-AFC5-48EC-9383-D3955F64CD88}"
EndProject
Project("{2150E333-8FDC-42A3-9474-1A3956D46DE8}") = "03-Biz", "03-Biz", "{9AECD071-7C85-4829-BB18-4C7B78D5E5D4}"
EndProject
Project("{2150E333-8FDC-42A3-9474-1A3956D46DE8}") = "04-Tools", "04-Tools", "{130F70F3-50A4-4A08-951B-5C247050A1EE}"
EndProject
Project("{2150E333-8FDC-42A3-9474-1A3956D46DE8}") = "02-test", "02-test", "{218A51C8-50BE-4091-89CA-18CBBCE1071B}"
EndProject
Project("{2150E333-8FDC-42A3-9474-1A3956D46DE8}") = "01-Core", "01-Core", "{31B25143-2A0F-4C94-AD81-08D850047F38}"
EndProject
Project("{2150E333-8FDC-42A3-9474-1A3956D46DE8}") = "03-sample", "03-sample", "{754FFCA1-845D-4976-8996-68B0A79D6013}"
EndProject
Project("{9A19103F-16F7-4668-BE54-9A1E7A4F7556}") = "01-TonyUtil", "src\TonyUtil\01-TonyUtil.csproj", "{F43B04A9-44BE-40B0-8F02-1EAF4F659EBA}"
EndProject
Project("{9A19103F-16F7-4668-BE54-9A1E7A4F7556}") = "02-TonyUtil.Security", "src\TonyUtil.Security\02-TonyUtil.Security.csproj", "{76F1C611-1E85-495C-9467-D809961BA988}"
EndProject
Project("{9A19103F-16F7-4668-BE54-9A1E7A4F7556}") = "05-TonyUtil.Datas", "src\TonyUtil.Datas\05-TonyUtil.Datas.csproj", "{F02CB68D-1B0C-44F1-9C85-51ED1FE661D0}"
EndProject
Project("{9A19103F-16F7-4668-BE54-9A1E7A4F7556}") = "06-TonyUtil.Applications", "src\TonyUtil.Applications\06-TonyUtil.Applications.csproj", "{EEB693BA-AB7F-4029-8BA2-0DD587DE1DD3}"
EndProject
Project("{9A19103F-16F7-4668-BE54-9A1E7A4F7556}") = "04-TonyUtil.Events", "src\TonyUtil.Events\04-TonyUtil.Events.csproj", "{BADBD983-C804-48D3-B059-DE30DC82C80B}"
EndProject
Project("{9A19103F-16F7-4668-BE54-9A1E7A4F7556}") = "03-TonyUtil.Logs", "src\TonyUtil.Logs\03-TonyUtil.Logs.csproj", "{B1B13A10-1C66-4B9C-A55C-5B516EC794D3}"
EndProject
Project("{9A19103F-16F7-4668-BE54-9A1E7A4F7556}") = "07-TonyUtil.Webs", "src\TonyUtil.Webs\07-TonyUtil.Webs.csproj", "{BBFE4B86-731F-453D-9FC8-60723194BF03}"
EndProject
Project("{9A19103F-16F7-4668-BE54-9A1E7A4F7556}") = "01-TonyUtil.Ui.Abstractions", "src\TonyUtil.Ui.Abstractions\01-TonyUtil.Ui.Abstractions.csproj", "{2EA38086-607E-489F-9A4F-294F840C9C34}"
EndProject
Project("{9A19103F-16F7-4668-BE54-9A1E7A4F7556}") = "03-TonyUtil.Ui.Angular", "src\TonyUtil.Ui.Angular\03-TonyUtil.Ui.Angular.csproj", "{1AA5B8A0-3DE3-4A11-A021-A7D4FE0F20B2}"
EndProject
Project("{9A19103F-16F7-4668-BE54-9A1E7A4F7556}") = "02-TonyUtil.Ui.Core", "src\TonyUtil.Ui.Core\02-TonyUtil.Ui.Core.csproj", "{C55CC895-222B-4B39-896E-A6AE01C5C624}"
EndProject
Project("{9A19103F-16F7-4668-BE54-9A1E7A4F7556}") = "01-TonyUtil.Biz", "src\TonyUtil.Biz\01-TonyUtil.Biz.csproj", "{D74016FE-E5B9-46D6-8AAE-8793E6F5F839}"
EndProject
Project("{9A19103F-16F7-4668-BE54-9A1E7A4F7556}") = "02-TonyUtil.Biz.Payments", "src\TonyUtil.Biz.Payments\02-TonyUtil.Biz.Payments.csproj", "{F10B901B-3695-4DB3-960D-3D28E29C241B}"
EndProject
Project("{9A19103F-16F7-4668-BE54-9A1E7A4F7556}") = "01-TonyUtil.Tools.QrCode", "src\TonyUtil.Tools.QrCode\01-TonyUtil.Tools.QrCode.csproj", "{C0628C7C-3C5A-4782-94A6-476FCB5D689B}"
EndProject
Project("{9A19103F-16F7-4668-BE54-9A1E7A4F7556}") = "02-TonyUtil.Tools.Sms", "src\TonyUtil.Tools.Sms\02-TonyUtil.Tools.Sms.csproj", "{5BAE3BF4-25DA-4635-B4D5-D5B0DC387240}"
EndProject
Project("{FAE04EC0-301F-11D3-BF4B-00C04F79EFBC}") = "TonyUtil.Samples.Webs", "TonyUtil.Samples.Webs\TonyUtil.Samples.Webs.csproj", "{76EC10B1-9F14-4668-9370-5393E7D80DF7}"
EndProject
Global
	GlobalSection(SolutionConfigurationPlatforms) = preSolution
		Debug|Any CPU = Debug|Any CPU
		Release|Any CPU = Release|Any CPU
	EndGlobalSection
	GlobalSection(ProjectConfigurationPlatforms) = postSolution
		{F43B04A9-44BE-40B0-8F02-1EAF4F659EBA}.Debug|Any CPU.ActiveCfg = Debug|Any CPU
		{F43B04A9-44BE-40B0-8F02-1EAF4F659EBA}.Debug|Any CPU.Build.0 = Debug|Any CPU
		{F43B04A9-44BE-40B0-8F02-1EAF4F659EBA}.Release|Any CPU.ActiveCfg = Release|Any CPU
		{F43B04A9-44BE-40B0-8F02-1EAF4F659EBA}.Release|Any CPU.Build.0 = Release|Any CPU
		{76F1C611-1E85-495C-9467-D809961BA988}.Debug|Any CPU.ActiveCfg = Debug|Any CPU
		{76F1C611-1E85-495C-9467-D809961BA988}.Debug|Any CPU.Build.0 = Debug|Any CPU
		{76F1C611-1E85-495C-9467-D809961BA988}.Release|Any CPU.ActiveCfg = Release|Any CPU
		{76F1C611-1E85-495C-9467-D809961BA988}.Release|Any CPU.Build.0 = Release|Any CPU
		{F02CB68D-1B0C-44F1-9C85-51ED1FE661D0}.Debug|Any CPU.ActiveCfg = Debug|Any CPU
		{F02CB68D-1B0C-44F1-9C85-51ED1FE661D0}.Debug|Any CPU.Build.0 = Debug|Any CPU
		{F02CB68D-1B0C-44F1-9C85-51ED1FE661D0}.Release|Any CPU.ActiveCfg = Release|Any CPU
		{F02CB68D-1B0C-44F1-9C85-51ED1FE661D0}.Release|Any CPU.Build.0 = Release|Any CPU
		{EEB693BA-AB7F-4029-8BA2-0DD587DE1DD3}.Debug|Any CPU.ActiveCfg = Debug|Any CPU
		{EEB693BA-AB7F-4029-8BA2-0DD587DE1DD3}.Debug|Any CPU.Build.0 = Debug|Any CPU
		{EEB693BA-AB7F-4029-8BA2-0DD587DE1DD3}.Release|Any CPU.ActiveCfg = Release|Any CPU
		{EEB693BA-AB7F-4029-8BA2-0DD587DE1DD3}.Release|Any CPU.Build.0 = Release|Any CPU
		{BADBD983-C804-48D3-B059-DE30DC82C80B}.Debug|Any CPU.ActiveCfg = Debug|Any CPU
		{BADBD983-C804-48D3-B059-DE30DC82C80B}.Debug|Any CPU.Build.0 = Debug|Any CPU
		{BADBD983-C804-48D3-B059-DE30DC82C80B}.Release|Any CPU.ActiveCfg = Release|Any CPU
		{BADBD983-C804-48D3-B059-DE30DC82C80B}.Release|Any CPU.Build.0 = Release|Any CPU
		{B1B13A10-1C66-4B9C-A55C-5B516EC794D3}.Debug|Any CPU.ActiveCfg = Debug|Any CPU
		{B1B13A10-1C66-4B9C-A55C-5B516EC794D3}.Debug|Any CPU.Build.0 = Debug|Any CPU
		{B1B13A10-1C66-4B9C-A55C-5B516EC794D3}.Release|Any CPU.ActiveCfg = Release|Any CPU
		{B1B13A10-1C66-4B9C-A55C-5B516EC794D3}.Release|Any CPU.Build.0 = Release|Any CPU
		{BBFE4B86-731F-453D-9FC8-60723194BF03}.Debug|Any CPU.ActiveCfg = Debug|Any CPU
		{BBFE4B86-731F-453D-9FC8-60723194BF03}.Debug|Any CPU.Build.0 = Debug|Any CPU
		{BBFE4B86-731F-453D-9FC8-60723194BF03}.Release|Any CPU.ActiveCfg = Release|Any CPU
		{BBFE4B86-731F-453D-9FC8-60723194BF03}.Release|Any CPU.Build.0 = Release|Any CPU
		{2EA38086-607E-489F-9A4F-294F840C9C34}.Debug|Any CPU.ActiveCfg = Debug|Any CPU
		{2EA38086-607E-489F-9A4F-294F840C9C34}.Debug|Any CPU.Build.0 = Debug|Any CPU
		{2EA38086-607E-489F-9A4F-294F840C9C34}.Release|Any CPU.ActiveCfg = Release|Any CPU
		{2EA38086-607E-489F-9A4F-294F840C9C34}.Release|Any CPU.Build.0 = Release|Any CPU
		{1AA5B8A0-3DE3-4A11-A021-A7D4FE0F20B2}.Debug|Any CPU.ActiveCfg = Debug|Any CPU
		{1AA5B8A0-3DE3-4A11-A021-A7D4FE0F20B2}.Debug|Any CPU.Build.0 = Debug|Any CPU
		{1AA5B8A0-3DE3-4A11-A021-A7D4FE0F20B2}.Release|Any CPU.ActiveCfg = Release|Any CPU
		{1AA5B8A0-3DE3-4A11-A021-A7D4FE0F20B2}.Release|Any CPU.Build.0 = Release|Any CPU
		{C55CC895-222B-4B39-896E-A6AE01C5C624}.Debug|Any CPU.ActiveCfg = Debug|Any CPU
		{C55CC895-222B-4B39-896E-A6AE01C5C624}.Debug|Any CPU.Build.0 = Debug|Any CPU
		{C55CC895-222B-4B39-896E-A6AE01C5C624}.Release|Any CPU.ActiveCfg = Release|Any CPU
		{C55CC895-222B-4B39-896E-A6AE01C5C624}.Release|Any CPU.Build.0 = Release|Any CPU
		{D74016FE-E5B9-46D6-8AAE-8793E6F5F839}.Debug|Any CPU.ActiveCfg = Debug|Any CPU
		{D74016FE-E5B9-46D6-8AAE-8793E6F5F839}.Debug|Any CPU.Build.0 = Debug|Any CPU
		{D74016FE-E5B9-46D6-8AAE-8793E6F5F839}.Release|Any CPU.ActiveCfg = Release|Any CPU
		{D74016FE-E5B9-46D6-8AAE-8793E6F5F839}.Release|Any CPU.Build.0 = Release|Any CPU
		{F10B901B-3695-4DB3-960D-3D28E29C241B}.Debug|Any CPU.ActiveCfg = Debug|Any CPU
		{F10B901B-3695-4DB3-960D-3D28E29C241B}.Debug|Any CPU.Build.0 = Debug|Any CPU
		{F10B901B-3695-4DB3-960D-3D28E29C241B}.Release|Any CPU.ActiveCfg = Release|Any CPU
		{F10B901B-3695-4DB3-960D-3D28E29C241B}.Release|Any CPU.Build.0 = Release|Any CPU
		{C0628C7C-3C5A-4782-94A6-476FCB5D689B}.Debug|Any CPU.ActiveCfg = Debug|Any CPU
		{C0628C7C-3C5A-4782-94A6-476FCB5D689B}.Debug|Any CPU.Build.0 = Debug|Any CPU
		{C0628C7C-3C5A-4782-94A6-476FCB5D689B}.Release|Any CPU.ActiveCfg = Release|Any CPU
		{C0628C7C-3C5A-4782-94A6-476FCB5D689B}.Release|Any CPU.Build.0 = Release|Any CPU
		{5BAE3BF4-25DA-4635-B4D5-D5B0DC387240}.Debug|Any CPU.ActiveCfg = Debug|Any CPU
		{5BAE3BF4-25DA-4635-B4D5-D5B0DC387240}.Debug|Any CPU.Build.0 = Debug|Any CPU
		{5BAE3BF4-25DA-4635-B4D5-D5B0DC387240}.Release|Any CPU.ActiveCfg = Release|Any CPU
		{5BAE3BF4-25DA-4635-B4D5-D5B0DC387240}.Release|Any CPU.Build.0 = Release|Any CPU
		{76EC10B1-9F14-4668-9370-5393E7D80DF7}.Debug|Any CPU.ActiveCfg = Debug|Any CPU
		{76EC10B1-9F14-4668-9370-5393E7D80DF7}.Debug|Any CPU.Build.0 = Debug|Any CPU
		{76EC10B1-9F14-4668-9370-5393E7D80DF7}.Release|Any CPU.ActiveCfg = Release|Any CPU
		{76EC10B1-9F14-4668-9370-5393E7D80DF7}.Release|Any CPU.Build.0 = Release|Any CPU
	EndGlobalSection
	GlobalSection(SolutionProperties) = preSolution
		HideSolutionNode = FALSE
	EndGlobalSection
	GlobalSection(NestedProjects) = preSolution
		{842E69D5-71BF-4D00-B0E1-BD5A2DE1197D} = {D7639AF9-F843-4981-BD2E-C12B93A8E299}
		{383EE1F0-AFC5-48EC-9383-D3955F64CD88} = {D7639AF9-F843-4981-BD2E-C12B93A8E299}
		{9AECD071-7C85-4829-BB18-4C7B78D5E5D4} = {D7639AF9-F843-4981-BD2E-C12B93A8E299}
		{130F70F3-50A4-4A08-951B-5C247050A1EE} = {D7639AF9-F843-4981-BD2E-C12B93A8E299}
		{31B25143-2A0F-4C94-AD81-08D850047F38} = {218A51C8-50BE-4091-89CA-18CBBCE1071B}
		{F43B04A9-44BE-40B0-8F02-1EAF4F659EBA} = {842E69D5-71BF-4D00-B0E1-BD5A2DE1197D}
		{76F1C611-1E85-495C-9467-D809961BA988} = {842E69D5-71BF-4D00-B0E1-BD5A2DE1197D}
		{F02CB68D-1B0C-44F1-9C85-51ED1FE661D0} = {842E69D5-71BF-4D00-B0E1-BD5A2DE1197D}
		{EEB693BA-AB7F-4029-8BA2-0DD587DE1DD3} = {842E69D5-71BF-4D00-B0E1-BD5A2DE1197D}
		{BADBD983-C804-48D3-B059-DE30DC82C80B} = {842E69D5-71BF-4D00-B0E1-BD5A2DE1197D}
		{B1B13A10-1C66-4B9C-A55C-5B516EC794D3} = {842E69D5-71BF-4D00-B0E1-BD5A2DE1197D}
		{BBFE4B86-731F-453D-9FC8-60723194BF03} = {842E69D5-71BF-4D00-B0E1-BD5A2DE1197D}
		{2EA38086-607E-489F-9A4F-294F840C9C34} = {383EE1F0-AFC5-48EC-9383-D3955F64CD88}
		{1AA5B8A0-3DE3-4A11-A021-A7D4FE0F20B2} = {383EE1F0-AFC5-48EC-9383-D3955F64CD88}
		{C55CC895-222B-4B39-896E-A6AE01C5C624} = {383EE1F0-AFC5-48EC-9383-D3955F64CD88}
		{D74016FE-E5B9-46D6-8AAE-8793E6F5F839} = {9AECD071-7C85-4829-BB18-4C7B78D5E5D4}
		{F10B901B-3695-4DB3-960D-3D28E29C241B} = {9AECD071-7C85-4829-BB18-4C7B78D5E5D4}
		{C0628C7C-3C5A-4782-94A6-476FCB5D689B} = {130F70F3-50A4-4A08-951B-5C247050A1EE}
		{5BAE3BF4-25DA-4635-B4D5-D5B0DC387240} = {130F70F3-50A4-4A08-951B-5C247050A1EE}
		{76EC10B1-9F14-4668-9370-5393E7D80DF7} = {754FFCA1-845D-4976-8996-68B0A79D6013}
	EndGlobalSection
	GlobalSection(ExtensibilityGlobals) = postSolution
		SolutionGuid = {D3E9294E-7DEB-4B83-BD49-8FE0348EC970}
	EndGlobalSection
EndGlobal
