
Microsoft Visual Studio Solution File, Format Version 12.00
# Visual Studio 15
VisualStudioVersion = 15.0.27004.2005
MinimumVisualStudioVersion = 10.0.40219.1
Project("{2150E333-8FDC-42A3-9474-1A3956D46DE8}") = "01-src", "01-src", "{D7639AF9-F843-4981-BD2E-C12B93A8E299}"
EndProject
Project("{2150E333-8FDC-42A3-9474-1A3956D46DE8}") = "01-Core", "01-Core", "{842E69D5-71BF-4D00-B0E1-BD5A2DE1197D}"
EndProject
Project("{2150E333-8FDC-42A3-9474-1A3956D46DE8}") = "02-Ui", "02-Ui", "{383EE1F0-AFC5-48EC-9383-D3955F64CD88}"
EndProject
Project("{2150E333-8FDC-42A3-9474-1A3956D46DE8}") = "03-Biz", "03-Biz", "{9AECD071-7C85-4829-BB18-4C7B78D5E5D4}"
EndProject
Project("{2150E333-8FDC-42A3-9474-1A3956D46DE8}") = "04-Tools", "04-Tools", "{130F70F3-50A4-4A08-951B-5C247050A1EE}"
EndProject
Project("{2150E333-8FDC-42A3-9474-1A3956D46DE8}") = "02-test", "02-test", "{218A51C8-50BE-4091-89CA-18CBBCE1071B}"
EndProject
Project("{2150E333-8FDC-42A3-9474-1A3956D46DE8}") = "01-Core", "01-Core", "{31B25143-2A0F-4C94-AD81-08D850047F38}"
EndProject
Project("{9A19103F-16F7-4668-BE54-9A1E7A4F7556}") = "01-TonyUtil", "TonyUtil\01-TonyUtil.csproj", "{1BB253D5-2447-4CAE-8C91-76C77B762C05}"
EndProject
Project("{9A19103F-16F7-4668-BE54-9A1E7A4F7556}") = "02-TonyUtil.Security", "TonyUtil.Security\02-TonyUtil.Security.csproj", "{81B78749-F12D-4192-B103-275D5146316B}"
EndProject
Project("{9A19103F-16F7-4668-BE54-9A1E7A4F7556}") = "03-TonyUtil.Logs", "TonyUtil.Logs\03-TonyUtil.Logs.csproj", "{69C381DD-4975-4105-9B06-836DC9E29AF9}"
EndProject
Project("{9A19103F-16F7-4668-BE54-9A1E7A4F7556}") = "04-TonyUtil.Events", "TonyUtil.Events\04-TonyUtil.Events.csproj", "{BD4D1B96-C9E9-4F0B-A012-D833DEABB914}"
EndProject
Project("{9A19103F-16F7-4668-BE54-9A1E7A4F7556}") = "05-TonyUtil.Datas", "TonyUtil.Datas\05-TonyUtil.Datas.csproj", "{0C664DED-01BA-46C8-B23A-DAA53601DD1E}"
EndProject
Project("{9A19103F-16F7-4668-BE54-9A1E7A4F7556}") = "06-TonyUtil.Applications", "TonyUtil.Applications\06-TonyUtil.Applications.csproj", "{2399A42A-D8FA-4194-855D-4AF46C96233B}"
EndProject
Project("{9A19103F-16F7-4668-BE54-9A1E7A4F7556}") = "07-TonyUtil.Webs", "TonyUtil.Webs\07-TonyUtil.Webs.csproj", "{314481B2-DB0E-470F-B709-22561D5F8D21}"
EndProject
Project("{9A19103F-16F7-4668-BE54-9A1E7A4F7556}") = "01-TonyUtil.Ui.Abstractions", "TonyUtil.Ui.Abstractions\01-TonyUtil.Ui.Abstractions.csproj", "{AFAA3B52-3B9F-49A2-AB4A-B18826C33037}"
EndProject
Project("{9A19103F-16F7-4668-BE54-9A1E7A4F7556}") = "02-TonyUtil.Ui.Core", "TonyUtil.Ui.Core\02-TonyUtil.Ui.Core.csproj", "{D37CA035-A4A3-490F-B088-58AF0299E041}"
EndProject
Project("{9A19103F-16F7-4668-BE54-9A1E7A4F7556}") = "03-TonyUtil.Ui.Angular", "TonyUtil.Ui.Angular\03-TonyUtil.Ui.Angular.csproj", "{9227FFC1-7FE0-44F5-8848-6362687B364D}"
EndProject
Project("{9A19103F-16F7-4668-BE54-9A1E7A4F7556}") = "01-TonyUtil.Biz", "TonyUtil.Biz\01-TonyUtil.Biz.csproj", "{CB56CCFE-0448-4CEE-B61A-7E62F55973CC}"
EndProject
Project("{9A19103F-16F7-4668-BE54-9A1E7A4F7556}") = "02-TonyUtil.Biz.Payments", "TonyUtil.Biz.Payments\02-TonyUtil.Biz.Payments.csproj", "{EDE47903-D13C-42C4-BDED-C7A087B5C308}"
EndProject
Project("{9A19103F-16F7-4668-BE54-9A1E7A4F7556}") = "01-TonyUtil.Tools.QrCode", "TonyUtil.Tools.QrCode\01-TonyUtil.Tools.QrCode.csproj", "{F3C28676-702D-4C0B-B340-E81A75271C59}"
EndProject
Project("{9A19103F-16F7-4668-BE54-9A1E7A4F7556}") = "02-TonyUtil.Tools.Sms", "TonyUtil.Tools.Sms\02-TonyUtil.Tools.Sms.csproj", "{57BEA267-875E-4390-8893-FD147DAA40E2}"
EndProject
Project("{9A19103F-16F7-4668-BE54-9A1E7A4F7556}") = "02-TonyUtill.Datas.Tests.Integration", "TonyUtill.Datas.Tests.Integration\02-TonyUtill.Datas.Tests.Integration.csproj", "{007A15F4-A8BF-4944-9152-E4309F9DFAEB}"
EndProject
Project("{2150E333-8FDC-42A3-9474-1A3956D46DE8}") = "03-sample", "03-sample", "{754FFCA1-845D-4976-8996-68B0A79D6013}"
EndProject
Project("{FAE04EC0-301F-11D3-BF4B-00C04F79EFBC}") = "WebApplication1", "WebApplication1\WebApplication1.csproj", "{76A8D8FA-701F-4297-8F74-0DBDC681CEE2}"
EndProject
Global
	GlobalSection(SolutionConfigurationPlatforms) = preSolution
		Debug|Any CPU = Debug|Any CPU
		Release|Any CPU = Release|Any CPU
	EndGlobalSection
	GlobalSection(ProjectConfigurationPlatforms) = postSolution
		{1BB253D5-2447-4CAE-8C91-76C77B762C05}.Debug|Any CPU.ActiveCfg = Debug|Any CPU
		{1BB253D5-2447-4CAE-8C91-76C77B762C05}.Debug|Any CPU.Build.0 = Debug|Any CPU
		{1BB253D5-2447-4CAE-8C91-76C77B762C05}.Release|Any CPU.ActiveCfg = Release|Any CPU
		{1BB253D5-2447-4CAE-8C91-76C77B762C05}.Release|Any CPU.Build.0 = Release|Any CPU
		{81B78749-F12D-4192-B103-275D5146316B}.Debug|Any CPU.ActiveCfg = Debug|Any CPU
		{81B78749-F12D-4192-B103-275D5146316B}.Debug|Any CPU.Build.0 = Debug|Any CPU
		{81B78749-F12D-4192-B103-275D5146316B}.Release|Any CPU.ActiveCfg = Release|Any CPU
		{81B78749-F12D-4192-B103-275D5146316B}.Release|Any CPU.Build.0 = Release|Any CPU
		{69C381DD-4975-4105-9B06-836DC9E29AF9}.Debug|Any CPU.ActiveCfg = Debug|Any CPU
		{69C381DD-4975-4105-9B06-836DC9E29AF9}.Debug|Any CPU.Build.0 = Debug|Any CPU
		{69C381DD-4975-4105-9B06-836DC9E29AF9}.Release|Any CPU.ActiveCfg = Release|Any CPU
		{69C381DD-4975-4105-9B06-836DC9E29AF9}.Release|Any CPU.Build.0 = Release|Any CPU
		{BD4D1B96-C9E9-4F0B-A012-D833DEABB914}.Debug|Any CPU.ActiveCfg = Debug|Any CPU
		{BD4D1B96-C9E9-4F0B-A012-D833DEABB914}.Debug|Any CPU.Build.0 = Debug|Any CPU
		{BD4D1B96-C9E9-4F0B-A012-D833DEABB914}.Release|Any CPU.ActiveCfg = Release|Any CPU
		{BD4D1B96-C9E9-4F0B-A012-D833DEABB914}.Release|Any CPU.Build.0 = Release|Any CPU
		{0C664DED-01BA-46C8-B23A-DAA53601DD1E}.Debug|Any CPU.ActiveCfg = Debug|Any CPU
		{0C664DED-01BA-46C8-B23A-DAA53601DD1E}.Debug|Any CPU.Build.0 = Debug|Any CPU
		{0C664DED-01BA-46C8-B23A-DAA53601DD1E}.Release|Any CPU.ActiveCfg = Release|Any CPU
		{0C664DED-01BA-46C8-B23A-DAA53601DD1E}.Release|Any CPU.Build.0 = Release|Any CPU
		{2399A42A-D8FA-4194-855D-4AF46C96233B}.Debug|Any CPU.ActiveCfg = Debug|Any CPU
		{2399A42A-D8FA-4194-855D-4AF46C96233B}.Debug|Any CPU.Build.0 = Debug|Any CPU
		{2399A42A-D8FA-4194-855D-4AF46C96233B}.Release|Any CPU.ActiveCfg = Release|Any CPU
		{2399A42A-D8FA-4194-855D-4AF46C96233B}.Release|Any CPU.Build.0 = Release|Any CPU
		{314481B2-DB0E-470F-B709-22561D5F8D21}.Debug|Any CPU.ActiveCfg = Debug|Any CPU
		{314481B2-DB0E-470F-B709-22561D5F8D21}.Debug|Any CPU.Build.0 = Debug|Any CPU
		{314481B2-DB0E-470F-B709-22561D5F8D21}.Release|Any CPU.ActiveCfg = Release|Any CPU
		{314481B2-DB0E-470F-B709-22561D5F8D21}.Release|Any CPU.Build.0 = Release|Any CPU
		{AFAA3B52-3B9F-49A2-AB4A-B18826C33037}.Debug|Any CPU.ActiveCfg = Debug|Any CPU
		{AFAA3B52-3B9F-49A2-AB4A-B18826C33037}.Debug|Any CPU.Build.0 = Debug|Any CPU
		{AFAA3B52-3B9F-49A2-AB4A-B18826C33037}.Release|Any CPU.ActiveCfg = Release|Any CPU
		{AFAA3B52-3B9F-49A2-AB4A-B18826C33037}.Release|Any CPU.Build.0 = Release|Any CPU
		{D37CA035-A4A3-490F-B088-58AF0299E041}.Debug|Any CPU.ActiveCfg = Debug|Any CPU
		{D37CA035-A4A3-490F-B088-58AF0299E041}.Debug|Any CPU.Build.0 = Debug|Any CPU
		{D37CA035-A4A3-490F-B088-58AF0299E041}.Release|Any CPU.ActiveCfg = Release|Any CPU
		{D37CA035-A4A3-490F-B088-58AF0299E041}.Release|Any CPU.Build.0 = Release|Any CPU
		{9227FFC1-7FE0-44F5-8848-6362687B364D}.Debug|Any CPU.ActiveCfg = Debug|Any CPU
		{9227FFC1-7FE0-44F5-8848-6362687B364D}.Debug|Any CPU.Build.0 = Debug|Any CPU
		{9227FFC1-7FE0-44F5-8848-6362687B364D}.Release|Any CPU.ActiveCfg = Release|Any CPU
		{9227FFC1-7FE0-44F5-8848-6362687B364D}.Release|Any CPU.Build.0 = Release|Any CPU
		{CB56CCFE-0448-4CEE-B61A-7E62F55973CC}.Debug|Any CPU.ActiveCfg = Debug|Any CPU
		{CB56CCFE-0448-4CEE-B61A-7E62F55973CC}.Debug|Any CPU.Build.0 = Debug|Any CPU
		{CB56CCFE-0448-4CEE-B61A-7E62F55973CC}.Release|Any CPU.ActiveCfg = Release|Any CPU
		{CB56CCFE-0448-4CEE-B61A-7E62F55973CC}.Release|Any CPU.Build.0 = Release|Any CPU
		{EDE47903-D13C-42C4-BDED-C7A087B5C308}.Debug|Any CPU.ActiveCfg = Debug|Any CPU
		{EDE47903-D13C-42C4-BDED-C7A087B5C308}.Debug|Any CPU.Build.0 = Debug|Any CPU
		{EDE47903-D13C-42C4-BDED-C7A087B5C308}.Release|Any CPU.ActiveCfg = Release|Any CPU
		{EDE47903-D13C-42C4-BDED-C7A087B5C308}.Release|Any CPU.Build.0 = Release|Any CPU
		{F3C28676-702D-4C0B-B340-E81A75271C59}.Debug|Any CPU.ActiveCfg = Debug|Any CPU
		{F3C28676-702D-4C0B-B340-E81A75271C59}.Debug|Any CPU.Build.0 = Debug|Any CPU
		{F3C28676-702D-4C0B-B340-E81A75271C59}.Release|Any CPU.ActiveCfg = Release|Any CPU
		{F3C28676-702D-4C0B-B340-E81A75271C59}.Release|Any CPU.Build.0 = Release|Any CPU
		{57BEA267-875E-4390-8893-FD147DAA40E2}.Debug|Any CPU.ActiveCfg = Debug|Any CPU
		{57BEA267-875E-4390-8893-FD147DAA40E2}.Debug|Any CPU.Build.0 = Debug|Any CPU
		{57BEA267-875E-4390-8893-FD147DAA40E2}.Release|Any CPU.ActiveCfg = Release|Any CPU
		{57BEA267-875E-4390-8893-FD147DAA40E2}.Release|Any CPU.Build.0 = Release|Any CPU
		{007A15F4-A8BF-4944-9152-E4309F9DFAEB}.Debug|Any CPU.ActiveCfg = Debug|Any CPU
		{007A15F4-A8BF-4944-9152-E4309F9DFAEB}.Debug|Any CPU.Build.0 = Debug|Any CPU
		{007A15F4-A8BF-4944-9152-E4309F9DFAEB}.Release|Any CPU.ActiveCfg = Release|Any CPU
		{007A15F4-A8BF-4944-9152-E4309F9DFAEB}.Release|Any CPU.Build.0 = Release|Any CPU
		{76A8D8FA-701F-4297-8F74-0DBDC681CEE2}.Debug|Any CPU.ActiveCfg = Debug|Any CPU
		{76A8D8FA-701F-4297-8F74-0DBDC681CEE2}.Debug|Any CPU.Build.0 = Debug|Any CPU
		{76A8D8FA-701F-4297-8F74-0DBDC681CEE2}.Release|Any CPU.ActiveCfg = Release|Any CPU
		{76A8D8FA-701F-4297-8F74-0DBDC681CEE2}.Release|Any CPU.Build.0 = Release|Any CPU
	EndGlobalSection
	GlobalSection(SolutionProperties) = preSolution
		HideSolutionNode = FALSE
	EndGlobalSection
	GlobalSection(NestedProjects) = preSolution
		{842E69D5-71BF-4D00-B0E1-BD5A2DE1197D} = {D7639AF9-F843-4981-BD2E-C12B93A8E299}
		{383EE1F0-AFC5-48EC-9383-D3955F64CD88} = {D7639AF9-F843-4981-BD2E-C12B93A8E299}
		{9AECD071-7C85-4829-BB18-4C7B78D5E5D4} = {D7639AF9-F843-4981-BD2E-C12B93A8E299}
		{130F70F3-50A4-4A08-951B-5C247050A1EE} = {D7639AF9-F843-4981-BD2E-C12B93A8E299}
		{31B25143-2A0F-4C94-AD81-08D850047F38} = {218A51C8-50BE-4091-89CA-18CBBCE1071B}
		{1BB253D5-2447-4CAE-8C91-76C77B762C05} = {842E69D5-71BF-4D00-B0E1-BD5A2DE1197D}
		{81B78749-F12D-4192-B103-275D5146316B} = {842E69D5-71BF-4D00-B0E1-BD5A2DE1197D}
		{69C381DD-4975-4105-9B06-836DC9E29AF9} = {842E69D5-71BF-4D00-B0E1-BD5A2DE1197D}
		{BD4D1B96-C9E9-4F0B-A012-D833DEABB914} = {842E69D5-71BF-4D00-B0E1-BD5A2DE1197D}
		{0C664DED-01BA-46C8-B23A-DAA53601DD1E} = {842E69D5-71BF-4D00-B0E1-BD5A2DE1197D}
		{2399A42A-D8FA-4194-855D-4AF46C96233B} = {842E69D5-71BF-4D00-B0E1-BD5A2DE1197D}
		{314481B2-DB0E-470F-B709-22561D5F8D21} = {842E69D5-71BF-4D00-B0E1-BD5A2DE1197D}
		{AFAA3B52-3B9F-49A2-AB4A-B18826C33037} = {383EE1F0-AFC5-48EC-9383-D3955F64CD88}
		{D37CA035-A4A3-490F-B088-58AF0299E041} = {383EE1F0-AFC5-48EC-9383-D3955F64CD88}
		{9227FFC1-7FE0-44F5-8848-6362687B364D} = {383EE1F0-AFC5-48EC-9383-D3955F64CD88}
		{CB56CCFE-0448-4CEE-B61A-7E62F55973CC} = {9AECD071-7C85-4829-BB18-4C7B78D5E5D4}
		{EDE47903-D13C-42C4-BDED-C7A087B5C308} = {9AECD071-7C85-4829-BB18-4C7B78D5E5D4}
		{F3C28676-702D-4C0B-B340-E81A75271C59} = {130F70F3-50A4-4A08-951B-5C247050A1EE}
		{57BEA267-875E-4390-8893-FD147DAA40E2} = {130F70F3-50A4-4A08-951B-5C247050A1EE}
		{007A15F4-A8BF-4944-9152-E4309F9DFAEB} = {31B25143-2A0F-4C94-AD81-08D850047F38}
		{76A8D8FA-701F-4297-8F74-0DBDC681CEE2} = {754FFCA1-845D-4976-8996-68B0A79D6013}
	EndGlobalSection
	GlobalSection(ExtensibilityGlobals) = postSolution
		SolutionGuid = {D3E9294E-7DEB-4B83-BD49-8FE0348EC970}
	EndGlobalSection
EndGlobal
