
Microsoft Visual Studio Solution File, Format Version 12.00
# Visual Studio 15
VisualStudioVersion = 15.0.27004.2005
MinimumVisualStudioVersion = 10.0.40219.1
Project("{FAE04EC0-301F-11D3-BF4B-00C04F79EFBC}") = "CodeGenerator", "CodeGenerator\CodeGenerator.csproj", "{78BF55A9-8BD6-42ED-8EFA-4B6A56E86BDD}"
EndProject
Global
	GlobalSection(SolutionConfigurationPlatforms) = preSolution
		Debug|Any CPU = Debug|Any CPU
		Release|Any CPU = Release|Any CPU
	EndGlobalSection
	GlobalSection(ProjectConfigurationPlatforms) = postSolution
		{78BF55A9-8BD6-42ED-8EFA-4B6A56E86BDD}.Debug|Any CPU.ActiveCfg = Debug|Any CPU
		{78BF55A9-8BD6-42ED-8EFA-4B6A56E86BDD}.Debug|Any CPU.Build.0 = Debug|Any CPU
		{78BF55A9-8BD6-42ED-8EFA-4B6A56E86BDD}.Release|Any CPU.ActiveCfg = Release|Any CPU
		{78BF55A9-8BD6-42ED-8EFA-4B6A56E86BDD}.Release|Any CPU.Build.0 = Release|Any CPU
	EndGlobalSection
	GlobalSection(SolutionProperties) = preSolution
		HideSolutionNode = FALSE
	EndGlobalSection
	GlobalSection(ExtensibilityGlobals) = postSolution
		SolutionGuid = {FD004BDF-310A-4411-A244-A65155593E88}
	EndGlobalSection
EndGlobal
